// !$*UTF8*$!
{
	archiveVersion = 1;
	classes = {
	};
	objectVersion = 46;
	objects = {

/* Begin PBXBuildFile section */
		3CDD8B6A1BC775BB00D61EFD /* AppDelegate.swift in Sources */ = {isa = PBXBuildFile; fileRef = 3CDD8B691BC775BB00D61EFD /* AppDelegate.swift */; };
		3CDD8B6C1BC775BB00D61EFD /* ViewController.swift in Sources */ = {isa = PBXBuildFile; fileRef = 3CDD8B6B1BC775BB00D61EFD /* ViewController.swift */; };
		3CDD8B6F1BC775BB00D61EFD /* Main.storyboard in Resources */ = {isa = PBXBuildFile; fileRef = 3CDD8B6D1BC775BB00D61EFD /* Main.storyboard */; };
		3CDD8B711BC775BB00D61EFD /* Assets.xcassets in Resources */ = {isa = PBXBuildFile; fileRef = 3CDD8B701BC775BB00D61EFD /* Assets.xcassets */; };
		3CDD8B741BC775BB00D61EFD /* LaunchScreen.storyboard in Resources */ = {isa = PBXBuildFile; fileRef = 3CDD8B721BC775BB00D61EFD /* LaunchScreen.storyboard */; };
		3CDD8B7C1BC775D100D61EFD /* RulerScrollView.swift in Sources */ = {isa = PBXBuildFile; fileRef = 3CDD8B7B1BC775D100D61EFD /* RulerScrollView.swift */; settings = {ASSET_TAGS = (); }; };
/* End PBXBuildFile section */

/* Begin PBXFileReference section */
		3CDD8B661BC775BB00D61EFD /* Ruler.app */ = {isa = PBXFileReference; explicitFileType = wrapper.application; includeInIndex = 0; path = Ruler.app; sourceTree = BUILT_PRODUCTS_DIR; };
		3CDD8B691BC775BB00D61EFD /* AppDelegate.swift */ = {isa = PBXFileReference; lastKnownFileType = sourcecode.swift; path = AppDelegate.swift; sourceTree = "<group>"; };
		3CDD8B6B1BC775BB00D61EFD /* ViewController.swift */ = {isa = PBXFileReference; lastKnownFileType = sourcecode.swift; path = ViewController.swift; sourceTree = "<group>"; };
		3CDD8B6E1BC775BB00D61EFD /* Base */ = {isa = PBXFileReference; lastKnownFileType = file.storyboard; name = Base; path = Base.lproj/Main.storyboard; sourceTree = "<group>"; };
		3CDD8B701BC775BB00D61EFD /* Assets.xcassets */ = {isa = PBXFileReference; lastKnownFileType = folder.assetcatalog; path = Assets.xcassets; sourceTree = "<group>"; };
		3CDD8B731BC775BB00D61EFD /* Base */ = {isa = PBXFileReference; lastKnownFileType = file.storyboard; name = Base; path = Base.lproj/LaunchScreen.storyboard; sourceTree = "<group>"; };
		3CDD8B751BC775BB00D61EFD /* Info.plist */ = {isa = PBXFileReference; lastKnownFileType = text.plist.xml; path = Info.plist; sourceTree = "<group>"; };
		3CDD8B7B1BC775D100D61EFD /* RulerScrollView.swift */ = {isa = PBXFileReference; fileEncoding = 4; lastKnownFileType = sourcecode.swift; path = RulerScrollView.swift; sourceTree = "<group>"; };
/* End PBXFileReference section */

/* Begin PBXFrameworksBuildPhase section */
		3CDD8B631BC775BB00D61EFD /* Frameworks */ = {
			isa = PBXFrameworksBuildPhase;
			buildActionMask = 2147483647;
			files = (
			);
			runOnlyForDeploymentPostprocessing = 0;
		};
/* End PBXFrameworksBuildPhase section */

/* Begin PBXGroup section */
		3CDD8B5D1BC775BB00D61EFD = {
			isa = PBXGroup;
			children = (
				3CDD8B681BC775BB00D61EFD /* Ruler */,
				3CDD8B671BC775BB00D61EFD /* Products */,
			);
			sourceTree = "<group>";
		};
		3CDD8B671BC775BB00D61EFD /* Products */ = {
			isa = PBXGroup;
			children = (
				3CDD8B661BC775BB00D61EFD /* Ruler.app */,
			);
			name = Products;
			sourceTree = "<group>";
		};
		3CDD8B681BC775BB00D61EFD /* Ruler */ = {
			isa = PBXGroup;
			children = (
				3CDD8B691BC775BB00D61EFD /* AppDelegate.swift */,
				3CDD8B6B1BC775BB00D61EFD /* ViewController.swift */,
				3CDD8B7B1BC775D100D61EFD /* RulerScrollView.swift */,
				3CDD8B6D1BC775BB00D61EFD /* Main.storyboard */,
				3CDD8B701BC775BB00D61EFD /* Assets.xcassets */,
				3CDD8B721BC775BB00D61EFD /* LaunchScreen.storyboard */,
				3CDD8B751BC775BB00D61EFD /* Info.plist */,
			);
			path = Ruler;
			sourceTree = "<group>";
		};
/* End PBXGroup section */

/* Begin PBXNativeTarget section */
		3CDD8B651BC775BB00D61EFD /* Ruler */ = {
			isa = PBXNativeTarget;
			buildConfigurationList = 3CDD8B781BC775BB00D61EFD /* Build configuration list for PBXNativeTarget "Ruler" */;
			buildPhases = (
				3CDD8B621BC775BB00D61EFD /* Sources */,
				3CDD8B631BC775BB00D61EFD /* Frameworks */,
				3CDD8B641BC775BB00D61EFD /* Resources */,
			);
			buildRules = (
			);
			dependencies = (
			);
			name = Ruler;
			productName = Ruler;
			productReference = 3CDD8B661BC775BB00D61EFD /* Ruler.app */;
			productType = "com.apple.product-type.application";
		};
/* End PBXNativeTarget section */

/* Begin PBXProject section */
		3CDD8B5E1BC775BB00D61EFD /* Project object */ = {
			isa = PBXProject;
			attributes = {
				LastUpgradeCheck = 0700;
				ORGANIZATIONNAME = King;
				TargetAttributes = {
					3CDD8B651BC775BB00D61EFD = {
						CreatedOnToolsVersion = 7.0;
					};
				};
			};
			buildConfigurationList = 3CDD8B611BC775BB00D61EFD /* Build configuration list for PBXProject "Ruler" */;
			compatibilityVersion = "Xcode 3.2";
			developmentRegion = English;
			hasScannedForEncodings = 0;
			knownRegions = (
				en,
				Base,
			);
			mainGroup = 3CDD8B5D1BC775BB00D61EFD;
			productRefGroup = 3CDD8B671BC775BB00D61EFD /* Products */;
			projectDirPath = "";
			projectRoot = "";
			targets = (
				3CDD8B651BC775BB00D61EFD /* Ruler */,
			);
		};
/* End PBXProject section */

/* Begin PBXResourcesBuildPhase section */
		3CDD8B641BC775BB00D61EFD /* Resources */ = {
			isa = PBXResourcesBuildPhase;
			buildActionMask = 2147483647;
			files = (
				3CDD8B741BC775BB00D61EFD /* LaunchScreen.storyboard in Resources */,
				3CDD8B711BC775BB00D61EFD /* Assets.xcassets in Resources */,
				3CDD8B6F1BC775BB00D61EFD /* Main.storyboard in Resources */,
			);
			runOnlyForDeploymentPostprocessing = 0;
		};
/* End PBXResourcesBuildPhase section */

/* Begin PBXSourcesBuildPhase section */
		3CDD8B621BC775BB00D61EFD /* Sources */ = {
			isa = PBXSourcesBuildPhase;
			buildActionMask = 2147483647;
			files = (
				3CDD8B6C1BC775BB00D61EFD /* ViewController.swift in Sources */,
				3CDD8B7C1BC775D100D61EFD /* RulerScrollView.swift in Sources */,
				3CDD8B6A1BC775BB00D61EFD /* AppDelegate.swift in Sources */,
			);
			runOnlyForDeploymentPostprocessing = 0;
		};
/* End PBXSourcesBuildPhase section */

/* Begin PBXVariantGroup section */
		3CDD8B6D1BC775BB00D61EFD /* Main.storyboard */ = {
			isa = PBXVariantGroup;
			children = (
				3CDD8B6E1BC775BB00D61EFD /* Base */,
			);
			name = Main.storyboard;
			sourceTree = "<group>";
		};
		3CDD8B721BC775BB00D61EFD /* LaunchScreen.storyboard */ = {
			isa = PBXVariantGroup;
			children = (
				3CDD8B731BC775BB00D61EFD /* Base */,
			);
			name = LaunchScreen.storyboard;
			sourceTree = "<group>";
		};
/* End PBXVariantGroup section */

/* Begin XCBuildConfiguration section */
		3CDD8B761BC775BB00D61EFD /* Debug */ = {
			isa = XCBuildConfiguration;
			buildSettings = {
				ALWAYS_SEARCH_USER_PATHS = NO;
				CLANG_CXX_LANGUAGE_STANDARD = "gnu++0x";
				CLANG_CXX_LIBRARY = "libc++";
				CLANG_ENABLE_MODULES = YES;
				CLANG_ENABLE_OBJC_ARC = YES;
				CLANG_WARN_BOOL_CONVERSION = YES;
				CLANG_WARN_CONSTANT_CONVERSION = YES;
				CLANG_WARN_DIRECT_OBJC_ISA_USAGE = YES_ERROR;
				CLANG_WARN_EMPTY_BODY = YES;
				CLANG_WARN_ENUM_CONVERSION = YES;
				CLANG_WARN_INT_CONVERSION = YES;
				CLANG_WARN_OBJC_ROOT_CLASS = YES_ERROR;
				CLANG_WARN_UNREACHABLE_CODE = YES;
				CLANG_WARN__DUPLICATE_METHOD_MATCH = YES;
				"CODE_SIGN_IDENTITY[sdk=iphoneos*]" = "iPhone Developer";
				COPY_PHASE_STRIP = NO;
				DEBUG_INFORMATION_FORMAT = dwarf;
				ENABLE_STRICT_OBJC_MSGSEND = YES;
				ENABLE_TESTABILITY = YES;
				GCC_C_LANGUAGE_STANDARD = gnu99;
				GCC_DYNAMIC_NO_PIC = NO;
				GCC_NO_COMMON_BLOCKS = YES;
				GCC_OPTIMIZATION_LEVEL = 0;
				GCC_PREPROCESSOR_DEFINITIONS = (
					"DEBUG=1",
					"$(inherited)",
				);
				GCC_WARN_64_TO_32_BIT_CONVERSION = YES;
				GCC_WARN_ABOUT_RETURN_TYPE = YES_ERROR;
				GCC_WARN_UNDECLARED_SELECTOR = YES;
				GCC_WARN_UNINITIALIZED_AUTOS = YES_AGGRESSIVE;
				GCC_WARN_UNUSED_FUNCTION = YES;
				GCC_WARN_UNUSED_VARIABLE = YES;
				IPHONEOS_DEPLOYMENT_TARGET = 9.0;
				MTL_ENABLE_DEBUG_INFO = YES;
				ONLY_ACTIVE_ARCH = YES;
				SDKROOT = iphoneos;
				SWIFT_OPTIMIZATION_LEVEL = "-Onone";
				TARGETED_DEVICE_FAMILY = "1,2";
			};
			name = Debug;
		};
		3CDD8B771BC775BB00D61EFD /* Release */ = {
			isa = XCBuildConfiguration;
			buildSettings = {
				ALWAYS_SEARCH_USER_PATHS = NO;
				CLANG_CXX_LANGUAGE_STANDARD = "gnu++0x";
				CLANG_CXX_LIBRARY = "libc++";
				CLANG_ENABLE_MODULES = YES;
				CLANG_ENABLE_OBJC_ARC = YES;
				CLANG_WARN_BOOL_CONVERSION = YES;
				CLANG_WARN_CONSTANT_CONVERSION = YES;
				CLANG_WARN_DIRECT_OBJC_ISA_USAGE = YES_ERROR;
				CLANG_WARN_EMPTY_BODY = YES;
				CLANG_WARN_ENUM_CONVERSION = YES;
				CLANG_WARN_INT_CONVERSION = YES;
				CLANG_WARN_OBJC_ROOT_CLASS = YES_ERROR;
				CLANG_WARN_UNREACHABLE_CODE = YES;
				CLANG_WARN__DUPLICATE_METHOD_MATCH = YES;
				"CODE_SIGN_IDENTITY[sdk=iphoneos*]" = "iPhone Developer";
				COPY_PHASE_STRIP = NO;
				DEBUG_INFORMATION_FORMAT = "dwarf-with-dsym";
				ENABLE_NS_ASSERTIONS = NO;
				ENABLE_STRICT_OBJC_MSGSEND = YES;
				GCC_C_LANGUAGE_STANDARD = gnu99;
				GCC_NO_COMMON_BLOCKS = YES;
				GCC_WARN_64_TO_32_BIT_CONVERSION = YES;
				GCC_WARN_ABOUT_RETURN_TYPE = YES_ERROR;
				GCC_WARN_UNDECLARED_SELECTOR = YES;
				GCC_WARN_UNINITIALIZED_AUTOS = YES_AGGRESSIVE;
				GCC_WARN_UNUSED_FUNCTION = YES;
				GCC_WARN_UNUSED_VARIABLE = YES;
				IPHONEOS_DEPLOYMENT_TARGET = 9.0;
				MTL_ENABLE_DEBUG_INFO = NO;
				SDKROOT = iphoneos;
				TARGETED_DEVICE_FAMILY = "1,2";
				VALIDATE_PRODUCT = YES;
			};
			name = Release;
		};
		3CDD8B791BC775BB00D61EFD /* Debug */ = {
			isa = XCBuildConfiguration;
			buildSettings = {
				ASSETCATALOG_COMPILER_APPICON_NAME = AppIcon;
				INFOPLIST_FILE = Ruler/Info.plist;
				LD_RUNPATH_SEARCH_PATHS = "$(inherited) @executable_path/Frameworks";
				PRODUCT_BUNDLE_IDENTIFIER = com.ykying.Ruler;
				PRODUCT_NAME = "$(TARGET_NAME)";
			};
			name = Debug;
		};
		3CDD8B7A1BC775BB00D61EFD /* Release */ = {
			isa = XCBuildConfiguration;
			buildSettings = {
				ASSETCATALOG_COMPILER_APPICON_NAME = AppIcon;
				INFOPLIST_FILE = Ruler/Info.plist;
				LD_RUNPATH_SEARCH_PATHS = "$(inherited) @executable_path/Frameworks";
				PRODUCT_BUNDLE_IDENTIFIER = com.ykying.Ruler;
				PRODUCT_NAME = "$(TARGET_NAME)";
			};
			name = Release;
		};
/* End XCBuildConfiguration section */

/* Begin XCConfigurationList section */
		3CDD8B611BC775BB00D61EFD /* Build configuration list for PBXProject "Ruler" */ = {
			isa = XCConfigurationList;
			buildConfigurations = (
				3CDD8B761BC775BB00D61EFD /* Debug */,
				3CDD8B771BC775BB00D61EFD /* Release */,
			);
			defaultConfigurationIsVisible = 0;
			defaultConfigurationName = Release;
		};
		3CDD8B781BC775BB00D61EFD /* Build configuration list for PBXNativeTarget "Ruler" */ = {
			isa = XCConfigurationList;
			buildConfigurations = (
				3CDD8B791BC775BB00D61EFD /* Debug */,
				3CDD8B7A1BC775BB00D61EFD /* Release */,
			);
			defaultConfigurationIsVisible = 0;
		};
/* End XCConfigurationList section */
	};
	rootObject = 3CDD8B5E1BC775BB00D61EFD /* Project object */;
}
